
Microsoft Visual Studio Solution File, Format Version 12.00
# Visual Studio Version 17
VisualStudioVersion = 17.6.33815.320
MinimumVisualStudioVersion = 10.0.40219.1
Project("{FAE04EC0-301F-11D3-BF4B-00C04F79EFBC}") = "BlazorEcommerce.Server", "BlazorEcommerce\Server\BlazorEcommerce.Server.csproj", "{8244F7F7-53E6-404D-ACA5-81F243230838}"
EndProject
Project("{FAE04EC0-301F-11D3-BF4B-00C04F79EFBC}") = "BlazorEcommerce.Client", "BlazorEcommerce\Client\BlazorEcommerce.Client.csproj", "{64398335-1487-4F94-9601-7BED670A087C}"
EndProject
Project("{FAE04EC0-301F-11D3-BF4B-00C04F79EFBC}") = "BlazorEcommerce.Shared", "BlazorEcommerce\Shared\BlazorEcommerce.Shared.csproj", "{648AFDCA-002F-4BC4-92E4-3045649CB360}"
EndProject
Global
	GlobalSection(SolutionConfigurationPlatforms) = preSolution
		Debug|Any CPU = Debug|Any CPU
		Release|Any CPU = Release|Any CPU
	EndGlobalSection
	GlobalSection(ProjectConfigurationPlatforms) = postSolution
		{8244F7F7-53E6-404D-ACA5-81F243230838}.Debug|Any CPU.ActiveCfg = Debug|Any CPU
		{8244F7F7-53E6-404D-ACA5-81F243230838}.Debug|Any CPU.Build.0 = Debug|Any CPU
		{8244F7F7-53E6-404D-ACA5-81F243230838}.Release|Any CPU.ActiveCfg = Release|Any CPU
		{8244F7F7-53E6-404D-ACA5-81F243230838}.Release|Any CPU.Build.0 = Release|Any CPU
		{64398335-1487-4F94-9601-7BED670A087C}.Debug|Any CPU.ActiveCfg = Debug|Any CPU
		{64398335-1487-4F94-9601-7BED670A087C}.Debug|Any CPU.Build.0 = Debug|Any CPU
		{64398335-1487-4F94-9601-7BED670A087C}.Release|Any CPU.ActiveCfg = Release|Any CPU
		{64398335-1487-4F94-9601-7BED670A087C}.Release|Any CPU.Build.0 = Release|Any CPU
		{648AFDCA-002F-4BC4-92E4-3045649CB360}.Debug|Any CPU.ActiveCfg = Debug|Any CPU
		{648AFDCA-002F-4BC4-92E4-3045649CB360}.Debug|Any CPU.Build.0 = Debug|Any CPU
		{648AFDCA-002F-4BC4-92E4-3045649CB360}.Release|Any CPU.ActiveCfg = Release|Any CPU
		{648AFDCA-002F-4BC4-92E4-3045649CB360}.Release|Any CPU.Build.0 = Release|Any CPU
	EndGlobalSection
	GlobalSection(SolutionProperties) = preSolution
		HideSolutionNode = FALSE
	EndGlobalSection
	GlobalSection(ExtensibilityGlobals) = postSolution
		SolutionGuid = {832E07EE-8220-4280-9105-BABA8AFF3BF7}
	EndGlobalSection
EndGlobal
